# platform: linux-64
# env_hash: 0196b83247d006f830a2c18182fb915ffffbe84a875068e5a8c4bd0cea401343

@EXPLICIT

https://conda.anaconda.org/conda-forge/linux-64/_libgcc_mutex-0.1-conda_forge.tar.bz2#d7c89558ba9fa0495403155b64376d81
https://conda.anaconda.org/conda-forge/linux-64/ca-certificates-2020.11.8-ha878542_0.tar.bz2#f9cdccd43ac20a0d1637d84d58c6ff5c
https://conda.anaconda.org/conda-forge/linux-64/hicolor-icon-theme-0.17-ha770c72_2.tar.bz2#bbf6f174dcd3254e19a2f5d2295ce808
https://conda.anaconda.org/conda-forge/noarch/kernel-headers_linux-64-2.6.32-h77966d4_13.tar.bz2#182b3bbe97ca334be3ccb50b80810bb1
https://conda.anaconda.org/conda-forge/linux-64/ld_impl_linux-64-2.35.1-hed1e6ac_0.tar.bz2#d0cf77c331382475133dc6c34e7461d7
https://conda.anaconda.org/conda-forge/linux-64/libgcc-devel_linux-64-7.5.0-h42c25f5_17.tar.bz2#7221dc7660a72764a4d06d0886117fe8
https://conda.anaconda.org/conda-forge/linux-64/libgfortran4-7.5.0-hae1eefd_17.tar.bz2#884de9e2fea7d1ed349245bedd638793
https://conda.anaconda.org/conda-forge/linux-64/libstdcxx-devel_linux-64-7.5.0-h4084dd6_17.tar.bz2#d7e4c5f7c867af12616171e01a6ecc05
https://conda.anaconda.org/conda-forge/linux-64/libstdcxx-ng-9.3.0-h2ae2ef3_17.tar.bz2#342f3c931d0a3a209ab09a522469d20c
https://conda.anaconda.org/conda-forge/linux-64/mysql-common-8.0.21-2.tar.bz2#96f3f7d5ae9784774cd5eb553cdf1ba7
https://conda.anaconda.org/conda-forge/linux-64/libgfortran-ng-7.5.0-hae1eefd_17.tar.bz2#f3eca18e6a8ea6b7e81f4f97ddc6995c
https://conda.anaconda.org/conda-forge/linux-64/libgomp-9.3.0-h5dbcf3e_17.tar.bz2#8fd587013b9da8b52050268d50c12305
https://conda.anaconda.org/conda-forge/noarch/sysroot_linux-64-2.12-h77966d4_13.tar.bz2#e411486a18c4f61c59083c5792c1ce3b
https://conda.anaconda.org/conda-forge/linux-64/_openmp_mutex-4.5-1_gnu.tar.bz2#561e277319a41d4f24f5c05a9ef63c04
https://conda.anaconda.org/conda-forge/linux-64/binutils_impl_linux-64-2.35.1-h17ad2fc_0.tar.bz2#ae08da01c4e08f7b21a6cb0f90ea46b2
https://conda.anaconda.org/conda-forge/noarch/libdrm-cos6-x86_64-2.4.65-h9d98e8f_1104.tar.bz2#bfd481bf512897c1a7b27c01020074b5
https://conda.anaconda.org/conda-forge/noarch/libice-cos6-x86_64-1.0.6-h9d98e8f_1104.tar.bz2#1dfc3a37445e1c1c64185ae2a60af202
https://conda.anaconda.org/conda-forge/noarch/libsepol-cos6-x86_64-2.0.41-h9d98e8f_1104.tar.bz2#846e246a884135d6e75e4fe3e6b38092
https://conda.anaconda.org/conda-forge/noarch/libsm-cos6-x86_64-1.2.1-h9d98e8f_1104.tar.bz2#fa0d12009ad5b579c1a40187d8f960c0
https://conda.anaconda.org/conda-forge/noarch/libudev-cos6-x86_64-147-h9d98e8f_1104.tar.bz2#0dee3145a077536ff98ba78bf8b5e779
https://conda.anaconda.org/conda-forge/noarch/libuuid-cos6-x86_64-2.17.2-h9d98e8f_1104.tar.bz2#fe1538ef4c35cffe52746c7d473d3470
https://conda.anaconda.org/conda-forge/noarch/libx11-common-cos6-x86_64-1.6.4-h9d98e8f_1104.tar.bz2#776097c773b4043f9e4283f59c2c0db8
https://conda.anaconda.org/conda-forge/noarch/libxau-cos6-x86_64-1.0.6-h9d98e8f_1104.tar.bz2#70d051f59b660393dc025cdea2224c6a
https://conda.anaconda.org/conda-forge/noarch/libxcb-cos6-x86_64-1.12-h9d98e8f_1104.tar.bz2#65d2858fa703d762f7e0ffda730ba892
https://conda.anaconda.org/conda-forge/noarch/libxdamage-cos6-x86_64-1.1.3-h9d98e8f_1104.tar.bz2#2e20c16a9c5194eae4d30c6c1e27b824
https://conda.anaconda.org/conda-forge/noarch/mesa-dri1-drivers-cos6-x86_64-7.11-h9d98e8f_1104.tar.bz2#47ba31d9f683a52cb64cd60f130f10d0
https://conda.anaconda.org/conda-forge/linux-64/binutils-2.35.1-hdd6e379_0.tar.bz2#cf11245e251020c221c1db992f293f3e
https://conda.anaconda.org/conda-forge/linux-64/binutils_linux-64-2.35-hc3fd857_29.tar.bz2#17d622904723a89e59ac9251aa432078
https://conda.anaconda.org/conda-forge/linux-64/libgcc-ng-9.3.0-h5dbcf3e_17.tar.bz2#fc9f5adabc4d55cd4b491332adc413e0
https://conda.anaconda.org/conda-forge/noarch/libselinux-cos6-x86_64-2.0.94-h9d98e8f_1104.tar.bz2#61c4b2d92ab363847d1d1f4a16d9df54
https://conda.anaconda.org/conda-forge/noarch/libx11-cos6-x86_64-1.6.4-h9d98e8f_1104.tar.bz2#56ca2f586e6e664bd7054a2729010306
https://conda.anaconda.org/conda-forge/noarch/mesa-dri-drivers-cos6-x86_64-11.0.7-h9d98e8f_1104.tar.bz2#b31fe3ffd6bbb565cbda134908e27bea
https://conda.anaconda.org/conda-forge/linux-64/alsa-lib-1.2.3-h516909a_0.tar.bz2#1378b88874f42ac31b2f8e4f6975cb7b
https://conda.anaconda.org/conda-forge/linux-64/bzip2-1.0.8-h516909a_3.tar.bz2#a05ea3fc1a51cf629bd49b481f729ebd
https://conda.anaconda.org/conda-forge/linux-64/c-ares-1.16.1-h516909a_3.tar.bz2#8d0f54b0a09bb496dea3f8dae0c551e4
https://conda.anaconda.org/conda-forge/linux-64/codec2-0.9.2-h516909a_1.tar.bz2#36ba68e28cc223b98263e0cb8c0ca3a1
https://conda.anaconda.org/conda-forge/linux-64/epoxy-1.5.4-h36c2ea0_4.tar.bz2#1766b409ee27b14495889c946fdcb7c0
https://conda.anaconda.org/conda-forge/linux-64/expat-2.2.9-he1b5a44_2.tar.bz2#285f5b5ca3209d492224935affd00aab
https://conda.anaconda.org/conda-forge/linux-64/fftw-3.3.8-nompi_hba22811_1113.tar.bz2#7699018735ef96bfcb48a628570ce6c0
https://conda.anaconda.org/conda-forge/linux-64/fribidi-1.0.10-h516909a_0.tar.bz2#bdc16c2b8852914fdbadb8e4d6361a8b
https://conda.anaconda.org/conda-forge/linux-64/gcc_impl_linux-64-7.5.0-hd9e1a51_17.tar.bz2#2c1963daa3a1411cfdd56d6513422bdf
https://conda.anaconda.org/conda-forge/linux-64/graphite2-1.3.13-he1b5a44_1001.tar.bz2#9214f49f6d97e53e1e6b13f73a25a21e
https://conda.anaconda.org/conda-forge/linux-64/icu-67.1-he1b5a44_0.tar.bz2#7ced6a5e5c94726af797d2b5a2b09228
https://conda.anaconda.org/conda-forge/linux-64/jpeg-9d-h516909a_0.tar.bz2#aa82d2e6e1fa196bf4addd7ebc71a807
https://conda.anaconda.org/conda-forge/linux-64/libblas-3.9.0-3_h893e4fe_netlib.tar.bz2#756aa478f6722798a003fb523369a829
https://conda.anaconda.org/conda-forge/linux-64/libev-4.33-h516909a_1.tar.bz2#6f8720dff19e17ce5d48cfe7f3d2f0a3
https://conda.anaconda.org/conda-forge/linux-64/libffi-3.2.1-he1b5a44_1007.tar.bz2#11389072d7d6036fd811c3d9460475cd
https://conda.anaconda.org/conda-forge/linux-64/libiconv-1.16-h516909a_0.tar.bz2#5c0f338a513a2943c659ae619fca9211
https://conda.anaconda.org/conda-forge/linux-64/libogg-1.3.2-h516909a_1002.tar.bz2#a5f1e8b32d8a4f1fb51bbef58ac7eaf4
https://conda.anaconda.org/conda-forge/linux-64/libsodium-1.0.18-h516909a_1.tar.bz2#e1ca1a4b82f7b51b29318f80cebae84a
https://conda.anaconda.org/conda-forge/linux-64/libuuid-2.32.1-h14c3975_1000.tar.bz2#39c6326f6ee5297632c47db6520546fe
https://conda.anaconda.org/conda-forge/linux-64/libuv-1.40.0-hd18ef5c_0.tar.bz2#1b13a5d453ff9c552252af8fae5e15ff
https://conda.anaconda.org/conda-forge/linux-64/libwebp-base-1.1.0-h516909a_3.tar.bz2#3d543511584978d6e22b6c194ae3b81e
https://conda.anaconda.org/conda-forge/noarch/libxext-cos6-x86_64-1.3.3-h9d98e8f_1104.tar.bz2#c4e795a0eefc453045348a02d1104d97
https://conda.anaconda.org/conda-forge/noarch/libxfixes-cos6-x86_64-5.0.3-h9d98e8f_1104.tar.bz2#e0774c8bd4d474bfa6a772979317f847
https://conda.anaconda.org/conda-forge/linux-64/libxkbcommon-0.10.0-he1b5a44_0.tar.bz2#78ccac2098edcd3673af2ceb3e95f932
https://conda.anaconda.org/conda-forge/noarch/libxrender-cos6-x86_64-0.9.10-h9d98e8f_1104.tar.bz2#7d762fb1b09fd67df8fc3539e8a17133
https://conda.anaconda.org/conda-forge/noarch/libxxf86vm-cos6-x86_64-1.1.3-h9d98e8f_1104.tar.bz2#de47618658d4eeeb57d4ea6222b972a0
https://conda.anaconda.org/conda-forge/linux-64/log4cpp-1.1.3-he1b5a44_1002.tar.bz2#434c8f7c635c642b408b9b978e3c9fa0
https://conda.anaconda.org/conda-forge/linux-64/lz4-c-1.9.2-he1b5a44_3.tar.bz2#b2e54aad8640e7a877d2280d3ebfe85b
https://conda.anaconda.org/conda-forge/noarch/mesa-libgl-cos6-x86_64-11.0.7-h9d98e8f_1104.tar.bz2#cda17f2ee934c8acc685e1c9d5e94b81
https://conda.anaconda.org/conda-forge/linux-64/mpir-3.0.0-hf484d3e_1002.tar.bz2#3918e29bd8a26f08801eec0ef73ba883
https://conda.anaconda.org/conda-forge/linux-64/ncurses-6.2-h58526e2_4.tar.bz2#509f2a21c4a09214cd737a480dfd80c9
https://conda.anaconda.org/conda-forge/linux-64/ninja-1.10.1-hfc4b9b4_2.tar.bz2#3522a14c1a669d493b999d9dff0a5754
https://conda.anaconda.org/conda-forge/linux-64/nspr-4.29-he1b5a44_1.tar.bz2#74ad126b32aaf96f31df4569048b65ff
https://conda.anaconda.org/conda-forge/linux-64/openssl-1.1.1h-h516909a_0.tar.bz2#3a99e0cb8f325dbf8f616da2d2fb6d4f
https://conda.anaconda.org/conda-forge/linux-64/patchelf-0.11-he1b5a44_0.tar.bz2#da683ac27e9d838254e01639868a5a3e
https://conda.anaconda.org/conda-forge/linux-64/pcre-8.44-he1b5a44_0.tar.bz2#e647d89cd5cdf62760cf283a001841ff
https://conda.anaconda.org/conda-forge/linux-64/pixman-0.38.0-h516909a_1003.tar.bz2#7c0b1414e5af196415f7808fbd704143
https://conda.anaconda.org/conda-forge/linux-64/pkg-config-0.29.2-h516909a_1008.tar.bz2#ef6addfaacf0666577f55520942cc01c
https://conda.anaconda.org/conda-forge/linux-64/pthread-stubs-0.4-h14c3975_1001.tar.bz2#e0b9987b65bba8016d21f5bdbe0a7923
https://conda.anaconda.org/conda-forge/linux-64/rhash-1.3.6-h516909a_1001.tar.bz2#6041d629887ed4afd34fb790073f5ebf
https://conda.anaconda.org/conda-forge/linux-64/sdl-1.2.15-he1b5a44_1.tar.bz2#e6475cd8bb8d81d7cccc7ac73ac0eea1
https://conda.anaconda.org/conda-forge/linux-64/xorg-kbproto-1.0.7-h14c3975_1002.tar.bz2#6dfe5dbe10d55266e4a5e89287eed578
https://conda.anaconda.org/conda-forge/linux-64/xorg-libice-1.0.10-h516909a_0.tar.bz2#4dfda1ccfd0cc90c4fe6786acece9a30
https://conda.anaconda.org/conda-forge/linux-64/xorg-libxau-1.0.9-h14c3975_0.tar.bz2#ffa7c2b7a2c7dc779ed9e38b10a93c3c
https://conda.anaconda.org/conda-forge/linux-64/xorg-libxdmcp-1.1.3-h516909a_0.tar.bz2#e95a160e60b2a327309a6d323a4d780e
https://conda.anaconda.org/conda-forge/linux-64/xorg-renderproto-0.11.1-h14c3975_1002.tar.bz2#fbcb7fa11dee1a5d3df4371cc55bb229
https://conda.anaconda.org/conda-forge/linux-64/xorg-xextproto-7.3.0-h14c3975_1002.tar.bz2#f08999859c405bad87c4bf9b6cdc7bbb
https://conda.anaconda.org/conda-forge/linux-64/xorg-xproto-7.0.31-h14c3975_1007.tar.bz2#a45d8cd411bdf8f08ced463f68986b62
https://conda.anaconda.org/conda-forge/linux-64/xz-5.2.5-h516909a_1.tar.bz2#33f601066901f3e1a85af3522a8113f9
https://conda.anaconda.org/conda-forge/linux-64/yaml-0.2.5-h516909a_0.tar.bz2#03a530e925414902547cf48da7756db8
https://conda.anaconda.org/conda-forge/linux-64/zlib-1.2.11-h516909a_1010.tar.bz2#339cc5584e6d26bc73a875ba900028c3
https://conda.anaconda.org/conda-forge/linux-64/gcc_linux-64-7.5.0-he2a3fca_29.tar.bz2#85ed2634f08c66673ad73eba384c42a5
https://conda.anaconda.org/conda-forge/linux-64/gettext-0.19.8.1-hf34092f_1004.tar.bz2#5582e1349bee4a25705adca745bf6845
https://conda.anaconda.org/conda-forge/linux-64/gxx_impl_linux-64-7.5.0-h7ea4de1_17.tar.bz2#40a22fe85a8c3fb7a1fc734c90d685a9
https://conda.anaconda.org/conda-forge/linux-64/libcblas-3.9.0-3_h893e4fe_netlib.tar.bz2#ca9a15a2acafd1cb9a55437378368e5c
https://conda.anaconda.org/conda-forge/linux-64/libedit-3.1.20191231-he28a2e2_2.tar.bz2#4d331e44109e3f0e19b4cb8f9b82f3e1
https://conda.anaconda.org/conda-forge/linux-64/libevent-2.1.10-hcdb4288_3.tar.bz2#d8f51405997093ff1799ded7650439c4
https://conda.anaconda.org/conda-forge/linux-64/liblapack-3.9.0-3_h893e4fe_netlib.tar.bz2#1ef026956c4a2045a67660ac1216d2d9
https://conda.anaconda.org/conda-forge/linux-64/libllvm10-10.0.1-he513fc3_3.tar.bz2#b1c57947b2a9231e0cd037ab0ed96b5d
https://conda.anaconda.org/conda-forge/linux-64/libnghttp2-1.41.0-h8cfc5f6_2.tar.bz2#726ca0fed4bde95b056ef26df1efaf60
https://conda.anaconda.org/conda-forge/linux-64/libpng-1.6.37-hed695b0_2.tar.bz2#5685fb1f2e761545e9f5ea34411efd98
https://conda.anaconda.org/conda-forge/linux-64/libssh2-1.9.0-hab1572f_5.tar.bz2#18aaa1bd2238ae2b5e89591046973123
https://conda.anaconda.org/conda-forge/linux-64/libusb-1.0.23-he1b5a44_3.tar.bz2#a24dcb84f136f12f06c243ef0fe22a92
https://conda.anaconda.org/conda-forge/linux-64/libvorbis-1.3.7-he1b5a44_0.tar.bz2#de5b60f584a98d397cc589fcabfa3889
https://conda.anaconda.org/conda-forge/linux-64/libxcb-1.13-h14c3975_1002.tar.bz2#ca4eb860b5528d5c6de8d97021d9ef78
https://conda.anaconda.org/conda-forge/linux-64/libxml2-2.9.10-h68273f3_2.tar.bz2#0315cae0468a1e17f1e7fad5b13d53f8
https://conda.anaconda.org/conda-forge/noarch/mesa-libgl-devel-cos6-x86_64-11.0.7-h9d98e8f_1104.tar.bz2#5de69677360ac20470be0a515f37493a
https://conda.anaconda.org/conda-forge/linux-64/portaudio-19.6.0-h1398938_3.tar.bz2#50bdcb663e522fa928fb2b0cda97b20f
https://conda.anaconda.org/conda-forge/linux-64/readline-8.0-he28a2e2_2.tar.bz2#4d0ae8d473f863696088f76800ef9d38
https://conda.anaconda.org/conda-forge/linux-64/tk-8.6.10-hed695b0_1.tar.bz2#7ef837cd455bd0f19f49b8b62d4cb568
https://conda.anaconda.org/conda-forge/linux-64/xorg-libsm-1.2.3-h84519dc_1000.tar.bz2#56cc238b81624db9e3e36b2b6a482cc1
https://conda.anaconda.org/conda-forge/linux-64/zeromq-4.3.3-he1b5a44_2.tar.bz2#7079c46e88cff3beae176b346e46a8e5
https://conda.anaconda.org/conda-forge/linux-64/zstd-1.4.5-h6597ccf_2.tar.bz2#d60d50f369d40f9787878cdd866fc9d3
https://conda.anaconda.org/conda-forge/linux-64/boost-cpp-1.74.0-h9359b55_0.tar.bz2#8ff81a56c225e6eb7fd8eebaaf617d9f
https://conda.anaconda.org/conda-forge/linux-64/c-compiler-1.1.1-h516909a_1.tar.bz2#16280501732aa11b36285ab26a178bdf
https://conda.anaconda.org/conda-forge/linux-64/cppzmq-4.7.1-h667716f_0.tar.bz2#f40395c85cc93a99dabccb210ce0d24f
https://conda.anaconda.org/conda-forge/linux-64/freetype-2.10.4-he06d7ca_0.tar.bz2#94a820bb187063f6f762b4b6ed49b4c9
https://conda.anaconda.org/conda-forge/linux-64/gsl-2.6-hf94e986_0.tar.bz2#21e191a5561d4d22602112e2cbbc5197
https://conda.anaconda.org/conda-forge/linux-64/gxx_linux-64-7.5.0-h547f3ba_29.tar.bz2#f56e304c4dc75eaf66ee068dded2219d
https://conda.anaconda.org/conda-forge/linux-64/krb5-1.17.1-hfafb76e_3.tar.bz2#b9c0993124fbf5f4ccf37fd00d6a3705
https://conda.anaconda.org/conda-forge/linux-64/libclang-10.0.1-default_hde54327_1.tar.bz2#758f1d35d1f8531c80e35b017d76d131
https://conda.anaconda.org/conda-forge/linux-64/libflac-1.3.3-he1b5a44_0.tar.bz2#c6a0ba94947b701a19054272233adf1d
https://conda.anaconda.org/conda-forge/linux-64/libglib-2.66.2-h0dae87d_0.tar.bz2#088692405616a5521698b05c3a95ece0
https://conda.anaconda.org/conda-forge/linux-64/libtiff-4.1.0-hc7e4089_6.tar.bz2#fa73bbe576ceb0c200a232c7956d8661
https://conda.anaconda.org/conda-forge/linux-64/libxslt-1.1.33-h572872d_1.tar.bz2#78df410dfcf5720c7eefa95cd6aa43bc
https://conda.anaconda.org/conda-forge/linux-64/mysql-libs-8.0.21-hf3661c5_2.tar.bz2#f2e5829fe70bce8eb7916010c329d759
https://conda.anaconda.org/conda-forge/linux-64/sqlite-3.33.0-h4cf870e_1.tar.bz2#1968ff6c4b8fbd2903f6672e292d932d
https://conda.anaconda.org/conda-forge/linux-64/xorg-libx11-1.6.12-h516909a_0.tar.bz2#cdea71c3e27611e012419faea02c56bd
https://conda.anaconda.org/conda-forge/linux-64/atk-1.0-2.36.0-h0d5b62e_4.tar.bz2#cf459cb2e01a5cf58d4867e491034d59
https://conda.anaconda.org/conda-forge/linux-64/cxx-compiler-1.1.1-hc9558a2_1.tar.bz2#433c78f33df2661867069cf9616b9b48
https://conda.anaconda.org/conda-forge/linux-64/fontconfig-2.13.1-h1056068_1002.tar.bz2#b78e6489307731a6d5ca9b0bc577bc7c
https://conda.anaconda.org/conda-forge/linux-64/gdk-pixbuf-2.42.0-h0536704_0.tar.bz2#a9277a3509e343301221b9dfb66422a3
https://conda.anaconda.org/conda-forge/linux-64/libcups-2.2.12-hf10b501_1.tar.bz2#730c3c0a738bc7e1deeb153482cd97af
https://conda.anaconda.org/conda-forge/linux-64/libcurl-7.71.1-hcdd3856_8.tar.bz2#2c81fb9f0d82c04b08617fc73eb615af
https://conda.anaconda.org/conda-forge/linux-64/libpq-12.3-h1281834_2.tar.bz2#1d49ec8a94d1219539f19038c0c022c8
https://conda.anaconda.org/conda-forge/linux-64/libsndfile-1.0.29-he1b5a44_0.tar.bz2#b5c35b21dc65624bca250cfa2676eb5d
https://conda.anaconda.org/conda-forge/linux-64/nss-3.58-h27285de_1.tar.bz2#a9ba34c5edf2feda9480da3585e3571e
https://conda.anaconda.org/conda-forge/linux-64/python-3.8.6-h852b56e_0_cpython.tar.bz2#dd65401dfb61ac030edc0dc4d15c2c51
https://conda.anaconda.org/conda-forge/linux-64/xorg-libxext-1.3.4-h516909a_0.tar.bz2#aba40ec20012e0a2641ced275a0abdca
https://conda.anaconda.org/conda-forge/linux-64/xorg-libxrender-0.9.10-h516909a_1002.tar.bz2#bf3514891c6743ed808602fa9f4f1508
https://conda.anaconda.org/conda-forge/linux-64/cairo-1.16.0-h488836b_1006.tar.bz2#47c2eddc4219aaea164148e675e6390d
https://conda.anaconda.org/conda-forge/noarch/click-7.1.2-pyh9f0ad1d_0.tar.bz2#bd50a970ce07e660c319fdc4d730d3f1
https://conda.anaconda.org/conda-forge/linux-64/cmake-3.18.4-h1f3970d_0.tar.bz2#c2120033b73b76d414197fc07c02db2a
https://conda.anaconda.org/conda-forge/linux-64/glib-2.66.2-he1b5a44_0.tar.bz2#34a5032ad4ea52f5610bced21363a03c
https://conda.anaconda.org/conda-forge/noarch/idna-2.10-pyh9f0ad1d_0.tar.bz2#f95a12b4f435aae6680fe55ae2eb1b06
https://conda.anaconda.org/conda-forge/noarch/pycparser-2.20-pyh9f0ad1d_2.tar.bz2#aa798d50ffd182a0f6f31478c7f434f6
https://conda.anaconda.org/conda-forge/linux-64/python_abi-3.8-1_cp38.tar.bz2#8d05152d6fb3012b27a0e6fbcc14bea1
https://conda.anaconda.org/conda-forge/noarch/six-1.15.0-pyh9f0ad1d_0.tar.bz2#1eec421f0f1f39e579e44e4a5ce646a2
https://conda.anaconda.org/conda-forge/linux-64/certifi-2020.11.8-py38h578d9bd_0.tar.bz2#dddc61aa1e0e87871d79c6cf951b8482
https://conda.anaconda.org/conda-forge/linux-64/cffi-1.14.3-py38h1bdcb99_1.tar.bz2#22e396c05a90d7e30d822dc04f5d9f97
https://conda.anaconda.org/conda-forge/linux-64/chardet-3.0.4-py38h924ce5b_1008.tar.bz2#650d998422b4e70d0700f5c1d083e59d
https://conda.anaconda.org/conda-forge/noarch/click-plugins-1.1.1-py_0.tar.bz2#4fd2c6b53934bd7d96d1f3fdaf99b79f
https://conda.anaconda.org/conda-forge/linux-64/dbus-1.13.6-hfdff14a_1.tar.bz2#4caaca6356992ee545080c7d7193b5a3
https://conda.anaconda.org/conda-forge/linux-64/gobject-introspection-1.66.1-py38he66682d_2.tar.bz2#a4306235bb3d75eb602ecfd565901a89
https://conda.anaconda.org/conda-forge/linux-64/gstreamer-1.14.5-h36ae1b5_2.tar.bz2#00084ab2657be5bf0ba0757ccde797ef
https://conda.anaconda.org/conda-forge/linux-64/harfbuzz-2.7.2-hb1ce69c_1.tar.bz2#6ad4d845564ca39dc15f0a5f2b676c2b
https://conda.anaconda.org/conda-forge/linux-64/lxml-4.6.1-py38hbb43d70_0.tar.bz2#756d144f7af3722a897e89717b757251
https://conda.anaconda.org/conda-forge/linux-64/markupsafe-1.1.1-py38h8df0ef7_2.tar.bz2#74e818eb7b17fde40f9ae4d2a89caf1d
https://conda.anaconda.org/conda-forge/linux-64/numpy-1.19.4-py38hf0fd68c_1.tar.bz2#6f6294d848b943a4ce190b5c579028b0
https://conda.anaconda.org/conda-forge/linux-64/pybind11-2.6.1-py38h82cb98a_0.tar.bz2#d320e164c460ad618e78a724d8a233a6
https://conda.anaconda.org/conda-forge/linux-64/pycairo-1.20.0-py38h323dad1_1.tar.bz2#d66b9a62e69d21b552c902a12a911730
https://conda.anaconda.org/conda-forge/linux-64/pysocks-1.7.1-py38h924ce5b_2.tar.bz2#b589d2f798c01ba2bfbc1afe2f95b639
https://conda.anaconda.org/conda-forge/linux-64/pyyaml-5.3.1-py38h8df0ef7_1.tar.bz2#8eaa66e391971ac0e9e329b91bc37003
https://conda.anaconda.org/conda-forge/linux-64/ruamel.yaml.clib-0.2.2-py38h1e0a361_1.tar.bz2#eb2998a2e5bfb2471e53222c7c76b91f
https://conda.anaconda.org/conda-forge/linux-64/volk-2.3.0-py38h950e882_3.tar.bz2#b99a447fae28de350cf03cf23904ed23
https://conda.anaconda.org/conda-forge/linux-64/at-spi2-core-2.38.0-hdfca744_2.tar.bz2#9ced049f2a3420ea813140e7c9a46d44
https://conda.anaconda.org/conda-forge/linux-64/brotlipy-0.7.0-py38h8df0ef7_1001.tar.bz2#1d928644b8bfd49b2e869609dd3e57a1
https://conda.anaconda.org/conda-forge/linux-64/cryptography-3.2.1-py38h7699a38_0.tar.bz2#7f46d842a1dccbcb03cedb53970b4c05
https://conda.anaconda.org/conda-forge/linux-64/gst-plugins-base-1.14.5-h0935bb2_2.tar.bz2#eb125ee86480e00a4a1ed45a577c3311
https://conda.anaconda.org/conda-forge/noarch/mako-1.1.3-pyh9f0ad1d_0.tar.bz2#7c87121b0244cf6a1f44a1df12a846ea
https://conda.anaconda.org/conda-forge/linux-64/pango-1.42.4-h80147aa_5.tar.bz2#8dc418e9db17340d77ca9dda93110013
https://conda.anaconda.org/conda-forge/linux-64/pygobject-3.38.0-py38hcdc0f24_2.tar.bz2#be31230673637681659050e289ac89ac
https://conda.anaconda.org/conda-forge/linux-64/setuptools-49.6.0-py38h924ce5b_2.tar.bz2#85f49978317e2f963ffd1d0989b16038
https://conda.anaconda.org/conda-forge/linux-64/at-spi2-atk-2.38.0-hdfca744_2.tar.bz2#f04afd9c5c414a4260af20059d5ef71c
https://conda.anaconda.org/conda-forge/linux-64/pyopenssl-19.1.0-py38_0.tar.bz2#276e6f9f0e49d58ce18755bce754616a
https://conda.anaconda.org/conda-forge/linux-64/qt-5.12.9-h1f2b2cb_0.tar.bz2#a372e7a1081e8f65df5177b709edec89
https://conda.anaconda.org/conda-forge/linux-64/ruamel.yaml-0.16.12-py38h1e0a361_1.tar.bz2#748bf14403cafe83326597950214c238
https://conda.anaconda.org/conda-forge/linux-64/gtk3-3.24.23-h55fbbb0_2.tar.bz2#90da7a88c3cb4a85a77f6c78cf03e058
https://conda.anaconda.org/conda-forge/linux-64/pyqt-5.12.3-py38ha8c2ead_4.tar.bz2#7e5923df89101ec6849b1e26a1f3e13a
https://conda.anaconda.org/conda-forge/linux-64/qwt-6.1.5-h73816c6_0.tar.bz2#fa8f1f764524857a4f6c82c43f1433d0
https://conda.anaconda.org/conda-forge/noarch/urllib3-1.25.11-py_0.tar.bz2#4ce0599839b2b4418befe201e5f072fc
https://conda.anaconda.org/conda-forge/noarch/requests-2.25.0-pyhd3deb0d_0.tar.bz2#5b983af1f3dcd93ef20f6067d077f6fe
https://conda.anaconda.org/conda-forge/linux-64/uhd-4.0.0.0-py38h5b954fa_2.tar.bz2#6d5886af99d4868c512c490d3bf57b7d
