# platform: win-64
# env_hash: b8ea8982dc526db181430570ad7394fa01124b09a3e96e021aa6d61130e65c61

@EXPLICIT

https://conda.anaconda.org/conda-forge/win-64/ca-certificates-2020.11.8-h5b45459_0.tar.bz2#21fea8c142c35d2967cb0300e5056980
https://conda.anaconda.org/conda-forge/win-64/hicolor-icon-theme-0.17-h57928b3_2.tar.bz2#ce6379735baacc42bf1e684bdda2e2c3
https://conda.anaconda.org/msys2/win-64/msys2-conda-epoch-20160418-1.tar.bz2#6eaef3074f65f715ed1ca6b8a08be3aa
https://conda.anaconda.org/conda-forge/win-64/vs2015_runtime-14.16.27012-h30e32a0_2.tar.bz2#37a0bcc72c5e97f5602dca37eb3f8314
https://repo.anaconda.com/pkgs/main/win-64/vswhere-2.7.1-h21ff451_0.conda#ba065f210634b29767ad91fd07f76db2
https://conda.anaconda.org/conda-forge/win-64/cmake-3.18.4-h39d44d4_0.tar.bz2#6543873f16dc01aea972e4d0b4f80233
https://conda.anaconda.org/msys2/win-64/m2w64-gmp-6.1.0-2.tar.bz2#fec04371463ec68eb8f5752a22c5b030
https://conda.anaconda.org/msys2/win-64/m2w64-libwinpthread-git-5.0.0.4634.697f757-2.tar.bz2#67e61e700eb27424979778fae9293f13
https://conda.anaconda.org/conda-forge/win-64/ninja-1.10.1-h587dcfd_2.tar.bz2#579416b79775c81479802abdac7f1878
https://conda.anaconda.org/conda-forge/win-64/vc-14.1-h869be7e_1.tar.bz2#4fae57303daa91367eca263374e4a638
https://conda.anaconda.org/conda-forge/win-64/vs2017_win-64-19.16.27038-h2e3bad8_2.tar.bz2#25e8909d771f2c278af79323725b7018
https://conda.anaconda.org/conda-forge/win-64/bzip2-1.0.8-he774522_3.tar.bz2#1b9e3dd1a5163553f00d4093f5def1da
https://conda.anaconda.org/conda-forge/win-64/cxx-compiler-1.1.1-h74a9793_1.tar.bz2#17af6923ebd6bbf30b1d18e8a903432f
https://conda.anaconda.org/conda-forge/win-64/epoxy-1.5.4-h8d14728_4.tar.bz2#c810ef82765915601a25ae1941b2d673
https://conda.anaconda.org/conda-forge/win-64/fftw-3.3.8-nompi_h77347bd_1113.tar.bz2#6bc90ab114503802cc0eeab798ce113f
https://conda.anaconda.org/conda-forge/win-64/fribidi-1.0.10-h62dcd97_0.tar.bz2#159516f8c454e18fd12e7a23ce2e0fc0
https://conda.anaconda.org/conda-forge/win-64/icu-67.1-h33f27b4_0.tar.bz2#5d62a30cbc94d056111061cef174c491
https://conda.anaconda.org/conda-forge/win-64/jpeg-9d-he774522_0.tar.bz2#093a3f2034d3002ee017859e388cc8a1
https://conda.anaconda.org/conda-forge/win-64/libclang-10.0.1-default_hf44288c_1.tar.bz2#31398d417816eb1867f312458623ec14
https://conda.anaconda.org/conda-forge/win-64/libiconv-1.16-he774522_0.tar.bz2#bdfeadc9348e4d9fbe4821e81bf8f221
https://conda.anaconda.org/conda-forge/win-64/libogg-1.3.2-hfa6e2cd_1002.tar.bz2#fab270ba72032de644fe8017262a7842
https://conda.anaconda.org/conda-forge/win-64/libsodium-1.0.18-h62dcd97_1.tar.bz2#5e0709275ea686866988ac69c3850d35
https://conda.anaconda.org/conda-forge/win-64/libusb-1.0.23-ha925a31_3.tar.bz2#4ebae8cfadc55ba34751b4538ad9be65
https://conda.anaconda.org/conda-forge/win-64/log4cpp-1.1.3-ha925a31_1002.tar.bz2#e4cf0eadbf4573f850e4fb8729626e91
https://conda.anaconda.org/conda-forge/win-64/lz4-c-1.9.2-h62dcd97_2.tar.bz2#a90475bc5d6e86b41360b614b20aa973
https://conda.anaconda.org/msys2/win-64/m2w64-gcc-libs-core-5.3.0-7.tar.bz2#276d396bfe8d958f71173b7134f739fa
https://conda.anaconda.org/conda-forge/win-64/mpir-3.0.0-he025d50_1002.tar.bz2#126ea50b4b4a33448c3994df2ff8b0cc
https://conda.anaconda.org/conda-forge/win-64/openssl-1.1.1h-he774522_0.tar.bz2#21844b16355ef8faa21fca97794d6825
https://conda.anaconda.org/conda-forge/win-64/pcre-8.44-ha925a31_0.tar.bz2#a958ae62e7723fa5c0720d78efed5e7f
https://conda.anaconda.org/conda-forge/win-64/pixman-0.38.0-hfa6e2cd_1003.tar.bz2#700c9ceeea2b24d08fe654de4e977bb4
https://conda.anaconda.org/conda-forge/win-64/sdl-1.2.15-h21ff451_1.tar.bz2#93aa29a809b0cccb595107fc532e0e47
https://conda.anaconda.org/conda-forge/win-64/sqlite-3.33.0-he774522_1.tar.bz2#d71a870ed0940cdf9f4bcb827d12ead6
https://conda.anaconda.org/conda-forge/win-64/xz-5.2.5-h62dcd97_1.tar.bz2#eabcbfedd14d7c18a514afca09ea0ebb
https://conda.anaconda.org/conda-forge/win-64/yaml-0.2.5-he774522_0.tar.bz2#d41c34441d8bbb6d141e691ae7bccf35
https://conda.anaconda.org/conda-forge/win-64/zlib-1.2.11-h62dcd97_1010.tar.bz2#a4cdf389c5f73e60a0ca121ff77c22a9
https://conda.anaconda.org/conda-forge/win-64/libflac-1.3.3-h6538335_0.tar.bz2#b16de97dc5c1e9264e11cda0993a43ee
https://conda.anaconda.org/conda-forge/win-64/libpng-1.6.37-ha81a0f5_2.tar.bz2#cc8f11542031225ef813cbc7b60713fc
https://conda.anaconda.org/conda-forge/win-64/libvorbis-1.3.7-ha925a31_0.tar.bz2#c86a304297d9c520346ff9eb6a2b22e1
https://conda.anaconda.org/conda-forge/win-64/libxml2-2.9.10-h1006b36_2.tar.bz2#9392b3214cbdde0d9e64f83915f91d45
https://conda.anaconda.org/msys2/win-64/m2w64-gcc-libgfortran-5.3.0-6.tar.bz2#de1b7f7c8221028f6bbe103df4c53bed
https://conda.anaconda.org/conda-forge/win-64/python-3.8.6-h60c2a47_0_cpython.tar.bz2#b6c4723a2ba9b8f68521404bc0d23462
https://conda.anaconda.org/conda-forge/win-64/zeromq-4.3.2-ha925a31_4.tar.bz2#1ed47e85a5c96aa4b4814b589e2d7265
https://conda.anaconda.org/conda-forge/win-64/zstd-1.4.5-h1f3a1b7_2.tar.bz2#b35d995f210429648e920844701b57a9
https://conda.anaconda.org/conda-forge/win-64/boost-cpp-1.74.0-hd4e6614_0.tar.bz2#2352f92a1f77a3529592f5f83525bf4e
https://conda.anaconda.org/conda-forge/noarch/click-7.1.2-pyh9f0ad1d_0.tar.bz2#bd50a970ce07e660c319fdc4d730d3f1
https://conda.anaconda.org/conda-forge/win-64/cppzmq-4.7.1-h276ee43_0.tar.bz2#568f5d9454fc6af5ce639829c35e2ea2
https://conda.anaconda.org/conda-forge/win-64/freetype-2.10.4-hd328e21_0.tar.bz2#2a8e3917bc23b5619d77d3b559d70e01
https://conda.anaconda.org/conda-forge/noarch/idna-2.10-pyh9f0ad1d_0.tar.bz2#f95a12b4f435aae6680fe55ae2eb1b06
https://conda.anaconda.org/conda-forge/win-64/libsndfile-1.0.29-ha925a31_0.tar.bz2#8d69e253b45393ff79ada3efb7bb15d1
https://conda.anaconda.org/conda-forge/win-64/libtiff-4.1.0-hc10be44_6.tar.bz2#a9dcdf2d500c7ae524a58d4249a0197a
https://conda.anaconda.org/conda-forge/win-64/libxslt-1.1.33-h579f668_1.tar.bz2#4b567d7b3437c1dc977072e71e335f20
https://conda.anaconda.org/msys2/win-64/m2w64-gcc-libs-5.3.0-7.tar.bz2#0b9caac6747002340b057a222af705b2
https://conda.anaconda.org/conda-forge/noarch/pycparser-2.20-pyh9f0ad1d_2.tar.bz2#aa798d50ffd182a0f6f31478c7f434f6
https://conda.anaconda.org/conda-forge/win-64/python_abi-3.8-1_cp38.tar.bz2#18ced0580562dca07ae039050748cc50
https://conda.anaconda.org/conda-forge/win-64/qt-5.12.9-hb2cf2c5_0.tar.bz2#f8cb783ce34b7c820ce436d66b0c5d38
https://conda.anaconda.org/conda-forge/noarch/six-1.15.0-pyh9f0ad1d_0.tar.bz2#1eec421f0f1f39e579e44e4a5ce646a2
https://conda.anaconda.org/conda-forge/win-64/certifi-2020.11.8-py38haa244fe_0.tar.bz2#1e3a88f8db13d19c4d23422e2f8f0e6c
https://conda.anaconda.org/conda-forge/win-64/cffi-1.14.3-py38h0e640b1_1.tar.bz2#0fd3a8bf420e2ad6dfc7fbfa8cbdc4ec
https://conda.anaconda.org/conda-forge/win-64/chardet-3.0.4-py38h9bdc248_1008.tar.bz2#503ab812d4aa8f5e4e40448a22f16233
https://conda.anaconda.org/conda-forge/noarch/click-plugins-1.1.1-py_0.tar.bz2#4fd2c6b53934bd7d96d1f3fdaf99b79f
https://conda.anaconda.org/conda-forge/win-64/codec2-0.9.2-h301d43c_1.tar.bz2#29a4662a60397c7aa31bcbab7682b684
https://conda.anaconda.org/conda-forge/win-64/libblas-3.9.0-3_hd5c7e75_netlib.tar.bz2#216c5a290536b2795443f8c9052efcf1
https://conda.anaconda.org/conda-forge/win-64/libffi-3.2.1-ha925a31_1007.tar.bz2#cd0e7032f907e8ee65d9466bfc6e441b
https://conda.anaconda.org/conda-forge/win-64/lxml-4.6.1-py38he3d0fc9_0.tar.bz2#10b65559d41652b2ba288da800ca9fc3
https://conda.anaconda.org/conda-forge/win-64/markupsafe-1.1.1-py38hab1e662_2.tar.bz2#0737676f52f6bb7d2260636434140519
https://conda.anaconda.org/conda-forge/win-64/pybind11-2.6.1-py38hbd9d945_0.tar.bz2#67addfa1de91c0b575f9a3a456ee3562
https://conda.anaconda.org/conda-forge/win-64/pyqt-5.12.3-py38h7ae7562_4.tar.bz2#348479c5bae8c113754120e9672a0062
https://conda.anaconda.org/conda-forge/win-64/pyyaml-5.3.1-py38hab1e662_1.tar.bz2#25ce237676e0d4f8029d3440c2f4afc6
https://conda.anaconda.org/conda-forge/win-64/qwt-6.1.5-h265ddaf_0.tar.bz2#a34f6beb6c5c4511c25f89615903d02d
https://conda.anaconda.org/conda-forge/win-64/ruamel.yaml.clib-0.2.2-py38h1e8a9f7_1.tar.bz2#36d2d48a40c628ab196c56617a36cba3
https://conda.anaconda.org/conda-forge/win-64/volk-2.3.0-py38hd7127b4_3.tar.bz2#63c3077ed8443f1dc343830782a61182
https://conda.anaconda.org/conda-forge/win-64/win_inet_pton-1.1.0-py38h32f6830_1.tar.bz2#f387a5afa714e658385f33dcda93a802
https://conda.anaconda.org/conda-forge/win-64/wincertstore-0.2-py38h32f6830_1005.tar.bz2#8c253621e1f3121360b00b5ffe4626ff
https://conda.anaconda.org/conda-forge/win-64/brotlipy-0.7.0-py38hab1e662_1001.tar.bz2#2d6f5a730bc180307463869c63ac0cdd
https://conda.anaconda.org/conda-forge/win-64/cryptography-3.2.1-py38hd8c33c5_0.tar.bz2#6e96f917369950d4df5208afe2bb4058
https://conda.anaconda.org/conda-forge/win-64/gettext-0.19.8.1-hfbb10ce_1004.tar.bz2#8714dfe5415d95e3c0f19b1b47a52c60
https://conda.anaconda.org/conda-forge/win-64/libcblas-3.9.0-3_hd5c7e75_netlib.tar.bz2#512d5dada5988857a6a51142b1968398
https://conda.anaconda.org/conda-forge/win-64/liblapack-3.9.0-3_hd5c7e75_netlib.tar.bz2#1a986077736935be2447367d91087db9
https://conda.anaconda.org/conda-forge/noarch/mako-1.1.3-pyh9f0ad1d_0.tar.bz2#7c87121b0244cf6a1f44a1df12a846ea
https://conda.anaconda.org/conda-forge/win-64/pysocks-1.7.1-py38h9bdc248_2.tar.bz2#6ed736e4e660a6ed5987b259b7f17fc1
https://conda.anaconda.org/conda-forge/win-64/setuptools-49.6.0-py38h9bdc248_2.tar.bz2#98726e11607788e59c4135db810e8521
https://conda.anaconda.org/conda-forge/win-64/gsl-2.6-hdfb1a43_0.tar.bz2#11e9d10126eb4647376cf4a0f8cd9278
https://conda.anaconda.org/conda-forge/win-64/libglib-2.66.2-h31c07e1_0.tar.bz2#2903e39541c74c01f189cca8ac87b0ae
https://conda.anaconda.org/conda-forge/win-64/numpy-1.19.4-py38h0cc643e_1.tar.bz2#e5a928228109af631950eb321f8f3bcc
https://conda.anaconda.org/conda-forge/win-64/pyopenssl-19.1.0-py38_0.tar.bz2#d15fe1e41378deeaeccfa23d535322ea
https://conda.anaconda.org/conda-forge/win-64/ruamel.yaml-0.16.12-py38h1e8a9f7_1.tar.bz2#680f4d095deee091c568b4cd9e9e7e85
https://conda.anaconda.org/conda-forge/win-64/atk-1.0-2.36.0-h07fcd51_4.tar.bz2#acd98737755e5bbd07dfb3e533c3ee68
https://conda.anaconda.org/conda-forge/win-64/cairo-1.16.0-hf56ce5a_1006.tar.bz2#5138abbade7c9951fccf379a6a675d63
https://conda.anaconda.org/conda-forge/win-64/gdk-pixbuf-2.42.0-hfe18499_0.tar.bz2#2b32c5b3f9f1cc926209c9930c50f9b3
https://conda.anaconda.org/conda-forge/win-64/glib-2.66.2-ha925a31_0.tar.bz2#d62e7db1d7c6e039aaee87b463d20dd3
https://conda.anaconda.org/conda-forge/win-64/pkg-config-0.29.2-h4a39e8b_1008.tar.bz2#b3b14563aef500655f9a973e9e0197b1
https://conda.anaconda.org/conda-forge/noarch/urllib3-1.25.11-py_0.tar.bz2#4ce0599839b2b4418befe201e5f072fc
https://conda.anaconda.org/conda-forge/win-64/gobject-introspection-1.66.1-py38hbffe425_2.tar.bz2#db7d0f0e04b346ffeb3ccee86e291233
https://conda.anaconda.org/conda-forge/win-64/pango-1.42.4-h51d95ee_5.tar.bz2#0a8da264914f318440ddf08ccfa03212
https://conda.anaconda.org/conda-forge/win-64/pycairo-1.20.0-py38h7e31434_1.tar.bz2#d45bf318074965d0f220b90919b4a32a
https://conda.anaconda.org/conda-forge/noarch/requests-2.25.0-pyhd3deb0d_0.tar.bz2#5b983af1f3dcd93ef20f6067d077f6fe
https://conda.anaconda.org/conda-forge/win-64/gtk3-3.24.23-he3dc4e2_2.tar.bz2#a8aefef1af01093fd6d22f91250eb1b5
https://conda.anaconda.org/conda-forge/win-64/pygobject-3.38.0-py38ha6ad0bc_2.tar.bz2#8c3b6f1f3216b4a330dc5a2a467565e4
https://conda.anaconda.org/conda-forge/win-64/uhd-4.0.0.0-py38ha9f05e8_2.tar.bz2#2e99c17231a6ba9bd32dc00197a73764
